
Microsoft Visual Studio Solution File, Format Version 12.00
# Visual Studio Version 16
VisualStudioVersion = 16.0.31424.327
MinimumVisualStudioVersion = 10.0.40219.1
Project("{FAE04EC0-301F-11D3-BF4B-00C04F79EFBC}") = "AngularBlog", "AngularBlog\AngularBlog.csproj", "{012D90AE-0627-473E-B072-9EABE0027DA2}"
EndProject
Global
	GlobalSection(SolutionConfigurationPlatforms) = preSolution
		Debug|Any CPU = Debug|Any CPU
		Release|Any CPU = Release|Any CPU
	EndGlobalSection
	GlobalSection(ProjectConfigurationPlatforms) = postSolution
		{012D90AE-0627-473E-B072-9EABE0027DA2}.Debug|Any CPU.ActiveCfg = Debug|Any CPU
		{012D90AE-0627-473E-B072-9EABE0027DA2}.Debug|Any CPU.Build.0 = Debug|Any CPU
		{012D90AE-0627-473E-B072-9EABE0027DA2}.Release|Any CPU.ActiveCfg = Release|Any CPU
		{012D90AE-0627-473E-B072-9EABE0027DA2}.Release|Any CPU.Build.0 = Release|Any CPU
	EndGlobalSection
	GlobalSection(SolutionProperties) = preSolution
		HideSolutionNode = FALSE
	EndGlobalSection
	GlobalSection(ExtensibilityGlobals) = postSolution
		SolutionGuid = {94DE9194-5BB9-49FD-84BE-FCCF2AA3AC88}
	EndGlobalSection
EndGlobal
